
Microsoft Visual Studio Solution File, Format Version 12.00
# Visual Studio Version 16
VisualStudioVersion = 16.0.30717.126
MinimumVisualStudioVersion = 10.0.40219.1
Project("{9A19103F-16F7-4668-BE54-9A1E7A4F7556}") = "Server", "Server\MockIOT.csproj", "{EA9E662F-A3DB-4A0D-944F-56678E2FC46F}"
EndProject
Project("{F2A71F9B-5D33-465A-A702-920D77279786}") = "Client", "Client\Client.fsproj", "{6EF3C941-1F28-4D47-B5D7-AB44B0E9F625}"
EndProject
Project("{2150E333-8FDC-42A3-9474-1A3956D46DE8}") = "Solution Items", "Solution Items", "{5DAEC3BA-DFEE-4BF6-9321-AE68E52D9327}"
	ProjectSection(SolutionItems) = preProject
		.gitignore = .gitignore
	EndProjectSection
EndProject
Global
	GlobalSection(SolutionConfigurationPlatforms) = preSolution
		Debug|Any CPU = Debug|Any CPU
		Release|Any CPU = Release|Any CPU
	EndGlobalSection
	GlobalSection(ProjectConfigurationPlatforms) = postSolution
		{EA9E662F-A3DB-4A0D-944F-56678E2FC46F}.Debug|Any CPU.ActiveCfg = Debug|Any CPU
		{EA9E662F-A3DB-4A0D-944F-56678E2FC46F}.Debug|Any CPU.Build.0 = Debug|Any CPU
		{EA9E662F-A3DB-4A0D-944F-56678E2FC46F}.Release|Any CPU.ActiveCfg = Release|Any CPU
		{EA9E662F-A3DB-4A0D-944F-56678E2FC46F}.Release|Any CPU.Build.0 = Release|Any CPU
		{6EF3C941-1F28-4D47-B5D7-AB44B0E9F625}.Debug|Any CPU.ActiveCfg = Debug|Any CPU
		{6EF3C941-1F28-4D47-B5D7-AB44B0E9F625}.Debug|Any CPU.Build.0 = Debug|Any CPU
		{6EF3C941-1F28-4D47-B5D7-AB44B0E9F625}.Release|Any CPU.ActiveCfg = Release|Any CPU
		{6EF3C941-1F28-4D47-B5D7-AB44B0E9F625}.Release|Any CPU.Build.0 = Release|Any CPU
	EndGlobalSection
	GlobalSection(SolutionProperties) = preSolution
		HideSolutionNode = FALSE
	EndGlobalSection
	GlobalSection(ExtensibilityGlobals) = postSolution
		SolutionGuid = {AA2FDF91-7B86-4BCF-891A-22E6218B5492}
	EndGlobalSection
EndGlobal
